
Microsoft Visual Studio Solution File, Format Version 12.00
# Visual Studio Version 17
VisualStudioVersion = 17.11.35327.3
MinimumVisualStudioVersion = 10.0.40219.1
Project("{FAE04EC0-301F-11D3-BF4B-00C04F79EFBC}") = "BE-WFO", "BE-WFO\BE-WFO.csproj", "{D2A4F012-CA94-4CF8-962E-2FAC70096B1B}"
EndProject
Project("{2150E333-8FDC-42A3-9474-1A3956D46DE8}") = "Services", "Services", "{9D744EC6-BC4C-4FFF-8F24-A7CB06C06EF2}"
EndProject
Project("{2150E333-8FDC-42A3-9474-1A3956D46DE8}") = "Auth", "Auth", "{29C5F3C3-797D-49F9-9C9A-18354422B0AE}"
EndProject
Project("{2150E333-8FDC-42A3-9474-1A3956D46DE8}") = "Product", "Product", "{073B4B46-C1F9-4EAB-AA0B-42A0FA4FDF15}"
EndProject
Project("{2150E333-8FDC-42A3-9474-1A3956D46DE8}") = "Order", "Order", "{6B959039-A1DD-4BF0-B305-221AD224653A}"
EndProject
Project("{2150E333-8FDC-42A3-9474-1A3956D46DE8}") = "Shared", "Shared", "{B640FB0C-62E1-4295-BB58-9B3B6D957CF5}"
EndProject
Project("{FAE04EC0-301F-11D3-BF4B-00C04F79EFBC}") = "WFO.Auth.ApplicationService", "Services\Auth\WFO.Auth.ApplicationService\WFO.Auth.ApplicationService.csproj", "{A8AD8AC8-C650-4209-A88A-A433264317AF}"
EndProject
Project("{FAE04EC0-301F-11D3-BF4B-00C04F79EFBC}") = "WFO.Auth.Infrastructure", "Services\Auth\WFO.Auth.Infrastructure\WFO.Auth.Infrastructure.csproj", "{25FE0833-5A68-49B3-8714-711B97716196}"
EndProject
Project("{FAE04EC0-301F-11D3-BF4B-00C04F79EFBC}") = "WFO.Auth.Dtos", "Services\Auth\WFO.Auth.Dtos\WFO.Auth.Dtos.csproj", "{75586745-5389-4C49-8D9E-25A6F07CE46C}"
EndProject
Project("{FAE04EC0-301F-11D3-BF4B-00C04F79EFBC}") = "WFO.Auth.Domain", "Services\Auth\WFO.Auth.Domain\WFO.Auth.Domain.csproj", "{1739D5FD-41ED-49D1-9FCC-23C7F8D34571}"
EndProject
Project("{FAE04EC0-301F-11D3-BF4B-00C04F79EFBC}") = "WFO.Constant", "Services\Shared\WFO.Constant\WFO.Constant.csproj", "{2B5EFA22-9E02-4F16-8D6A-45A2D1BAB8D1}"
EndProject
Global
	GlobalSection(SolutionConfigurationPlatforms) = preSolution
		Debug|Any CPU = Debug|Any CPU
		Release|Any CPU = Release|Any CPU
	EndGlobalSection
	GlobalSection(ProjectConfigurationPlatforms) = postSolution
		{D2A4F012-CA94-4CF8-962E-2FAC70096B1B}.Debug|Any CPU.ActiveCfg = Debug|Any CPU
		{D2A4F012-CA94-4CF8-962E-2FAC70096B1B}.Debug|Any CPU.Build.0 = Debug|Any CPU
		{D2A4F012-CA94-4CF8-962E-2FAC70096B1B}.Release|Any CPU.ActiveCfg = Release|Any CPU
		{D2A4F012-CA94-4CF8-962E-2FAC70096B1B}.Release|Any CPU.Build.0 = Release|Any CPU
		{A8AD8AC8-C650-4209-A88A-A433264317AF}.Debug|Any CPU.ActiveCfg = Debug|Any CPU
		{A8AD8AC8-C650-4209-A88A-A433264317AF}.Debug|Any CPU.Build.0 = Debug|Any CPU
		{A8AD8AC8-C650-4209-A88A-A433264317AF}.Release|Any CPU.ActiveCfg = Release|Any CPU
		{A8AD8AC8-C650-4209-A88A-A433264317AF}.Release|Any CPU.Build.0 = Release|Any CPU
		{25FE0833-5A68-49B3-8714-711B97716196}.Debug|Any CPU.ActiveCfg = Debug|Any CPU
		{25FE0833-5A68-49B3-8714-711B97716196}.Debug|Any CPU.Build.0 = Debug|Any CPU
		{25FE0833-5A68-49B3-8714-711B97716196}.Release|Any CPU.ActiveCfg = Release|Any CPU
		{25FE0833-5A68-49B3-8714-711B97716196}.Release|Any CPU.Build.0 = Release|Any CPU
		{75586745-5389-4C49-8D9E-25A6F07CE46C}.Debug|Any CPU.ActiveCfg = Debug|Any CPU
		{75586745-5389-4C49-8D9E-25A6F07CE46C}.Debug|Any CPU.Build.0 = Debug|Any CPU
		{75586745-5389-4C49-8D9E-25A6F07CE46C}.Release|Any CPU.ActiveCfg = Release|Any CPU
		{75586745-5389-4C49-8D9E-25A6F07CE46C}.Release|Any CPU.Build.0 = Release|Any CPU
		{1739D5FD-41ED-49D1-9FCC-23C7F8D34571}.Debug|Any CPU.ActiveCfg = Debug|Any CPU
		{1739D5FD-41ED-49D1-9FCC-23C7F8D34571}.Debug|Any CPU.Build.0 = Debug|Any CPU
		{1739D5FD-41ED-49D1-9FCC-23C7F8D34571}.Release|Any CPU.ActiveCfg = Release|Any CPU
		{1739D5FD-41ED-49D1-9FCC-23C7F8D34571}.Release|Any CPU.Build.0 = Release|Any CPU
		{2B5EFA22-9E02-4F16-8D6A-45A2D1BAB8D1}.Debug|Any CPU.ActiveCfg = Debug|Any CPU
		{2B5EFA22-9E02-4F16-8D6A-45A2D1BAB8D1}.Debug|Any CPU.Build.0 = Debug|Any CPU
		{2B5EFA22-9E02-4F16-8D6A-45A2D1BAB8D1}.Release|Any CPU.ActiveCfg = Release|Any CPU
		{2B5EFA22-9E02-4F16-8D6A-45A2D1BAB8D1}.Release|Any CPU.Build.0 = Release|Any CPU
	EndGlobalSection
	GlobalSection(SolutionProperties) = preSolution
		HideSolutionNode = FALSE
	EndGlobalSection
	GlobalSection(NestedProjects) = preSolution
		{29C5F3C3-797D-49F9-9C9A-18354422B0AE} = {9D744EC6-BC4C-4FFF-8F24-A7CB06C06EF2}
		{073B4B46-C1F9-4EAB-AA0B-42A0FA4FDF15} = {9D744EC6-BC4C-4FFF-8F24-A7CB06C06EF2}
		{6B959039-A1DD-4BF0-B305-221AD224653A} = {9D744EC6-BC4C-4FFF-8F24-A7CB06C06EF2}
		{B640FB0C-62E1-4295-BB58-9B3B6D957CF5} = {9D744EC6-BC4C-4FFF-8F24-A7CB06C06EF2}
		{A8AD8AC8-C650-4209-A88A-A433264317AF} = {29C5F3C3-797D-49F9-9C9A-18354422B0AE}
		{25FE0833-5A68-49B3-8714-711B97716196} = {29C5F3C3-797D-49F9-9C9A-18354422B0AE}
		{75586745-5389-4C49-8D9E-25A6F07CE46C} = {29C5F3C3-797D-49F9-9C9A-18354422B0AE}
		{1739D5FD-41ED-49D1-9FCC-23C7F8D34571} = {29C5F3C3-797D-49F9-9C9A-18354422B0AE}
		{2B5EFA22-9E02-4F16-8D6A-45A2D1BAB8D1} = {B640FB0C-62E1-4295-BB58-9B3B6D957CF5}
	EndGlobalSection
	GlobalSection(ExtensibilityGlobals) = postSolution
		SolutionGuid = {52A4C0C3-5C5F-4B64-A119-5F22028784A9}
	EndGlobalSection
EndGlobal
